
Microsoft Visual Studio Solution File, Format Version 12.00
# Visual Studio Version 17
VisualStudioVersion = 17.0.31903.59
MinimumVisualStudioVersion = 10.0.40219.1
Project("{9A19103F-16F7-4668-BE54-9A1E7A4F7556}") = "InMemoryBinaryFile", "InMemoryBinaryFile\InMemoryBinaryFile.csproj", "{BD08A930-6DFB-4BD0-A15E-CAF3AF4AF992}"
EndProject
Project("{9A19103F-16F7-4668-BE54-9A1E7A4F7556}") = "U8", "U8\U8.csproj", "{D2C27876-FD0E-4256-B42D-BE528439B4D7}"
EndProject
Project("{9A19103F-16F7-4668-BE54-9A1E7A4F7556}") = "Tests", "Tests\Tests.csproj", "{26427F49-200E-4BEB-A64F-9F2BAA203F95}"
EndProject
Project("{9A19103F-16F7-4668-BE54-9A1E7A4F7556}") = "GEVLib", "GEVLib\GEVLib.csproj", "{FD694D45-6631-4287-98E6-668E526D76CB}"
EndProject
Project("{9A19103F-16F7-4668-BE54-9A1E7A4F7556}") = "XBFLib", "XBFLib\XBFLib.csproj", "{C63CC36B-08DD-497D-B5CF-EA33FC972A1C}"
EndProject
Project("{9A19103F-16F7-4668-BE54-9A1E7A4F7556}") = "Patcher", "Patcher\Patcher.csproj", "{53C78B9F-BFC2-4CD7-9CBF-2F83962578B4}"
EndProject
Project("{2150E333-8FDC-42A3-9474-1A3956D46DE8}") = "Solution Items", "Solution Items", "{671DF8D7-C2AF-4769-A7CC-5E80628A9DA5}"
	ProjectSection(SolutionItems) = preProject
		notes.txt = notes.txt
		Patcher\Unlocks.txt = Patcher\Unlocks.txt
		voice-notes.txt = voice-notes.txt
	EndProjectSection
EndProject
Project("{2150E333-8FDC-42A3-9474-1A3956D46DE8}") = "CLI", "CLI", "{B5D993FD-7521-421A-98A8-E968A0397033}"
EndProject
Project("{9A19103F-16F7-4668-BE54-9A1E7A4F7556}") = "0079Unpacker", "CLI\0079Unpacker\0079Unpacker.csproj", "{47D7550E-214B-47B6-9525-E8AAFE37CB67}"
EndProject
Project("{9A19103F-16F7-4668-BE54-9A1E7A4F7556}") = "0079Patcher", "CLI\0079Patcher\0079Patcher.csproj", "{875AFC52-2581-435E-B5D0-EA7B1485EE92}"
EndProject
Project("{9A19103F-16F7-4668-BE54-9A1E7A4F7556}") = "BrresLib", "BrresLib\BrresLib.csproj", "{960599C4-43A0-4BA0-9494-101E6B2A0FE5}"
EndProject
Project("{9A19103F-16F7-4668-BE54-9A1E7A4F7556}") = "RiivolutionPPG", "RiivolutionPPG\RiivolutionPPG.csproj", "{8AA149EC-8D87-4E12-8D0F-0E5A2B6D6182}"
EndProject
Project("{9A19103F-16F7-4668-BE54-9A1E7A4F7556}") = "DolphinSubtitles", "DolphinSubtitles\DolphinSubtitles.csproj", "{3E194F33-C4C3-4845-842F-F12689861D40}"
EndProject
Project("{9A19103F-16F7-4668-BE54-9A1E7A4F7556}") = "BinString", "CLI\BinStriing\BinString.csproj", "{F4582DD5-99A5-4703-9EE5-4AE1B70AA475}"
EndProject
Project("{9A19103F-16F7-4668-BE54-9A1E7A4F7556}") = "0079Shared", "0079Shared\0079Shared.csproj", "{DCD40837-4D07-4D51-9EF0-5CB1805091D9}"
EndProject
Project("{9A19103F-16F7-4668-BE54-9A1E7A4F7556}") = "AutoTranslator", "CLI\AutoTranslator\AutoTranslator.csproj", "{585871FE-794F-4C26-A4E5-E4F4B42D4CCA}"
EndProject
Project("{9A19103F-16F7-4668-BE54-9A1E7A4F7556}") = "FileProcessing", "FileProcessing\FileProcessing.csproj", "{F0E5815C-EECA-4317-852D-EE62545D7B7C}"
EndProject
Project("{FAE04EC0-301F-11D3-BF4B-00C04F79EFBC}") = "Subtitles", "CLI\Subtitles\Subtitles.csproj", "{07094897-3AAF-493C-8180-D76E1BB280A0}"
EndProject
Global
	GlobalSection(SolutionConfigurationPlatforms) = preSolution
		Debug|Any CPU = Debug|Any CPU
		Debug|x64 = Debug|x64
		Debug|x86 = Debug|x86
		Release|Any CPU = Release|Any CPU
		Release|x64 = Release|x64
		Release|x86 = Release|x86
	EndGlobalSection
	GlobalSection(ProjectConfigurationPlatforms) = postSolution
		{BD08A930-6DFB-4BD0-A15E-CAF3AF4AF992}.Debug|Any CPU.ActiveCfg = Debug|Any CPU
		{BD08A930-6DFB-4BD0-A15E-CAF3AF4AF992}.Debug|Any CPU.Build.0 = Debug|Any CPU
		{BD08A930-6DFB-4BD0-A15E-CAF3AF4AF992}.Debug|x64.ActiveCfg = Debug|Any CPU
		{BD08A930-6DFB-4BD0-A15E-CAF3AF4AF992}.Debug|x64.Build.0 = Debug|Any CPU
		{BD08A930-6DFB-4BD0-A15E-CAF3AF4AF992}.Debug|x86.ActiveCfg = Debug|Any CPU
		{BD08A930-6DFB-4BD0-A15E-CAF3AF4AF992}.Debug|x86.Build.0 = Debug|Any CPU
		{BD08A930-6DFB-4BD0-A15E-CAF3AF4AF992}.Release|Any CPU.ActiveCfg = Release|Any CPU
		{BD08A930-6DFB-4BD0-A15E-CAF3AF4AF992}.Release|Any CPU.Build.0 = Release|Any CPU
		{BD08A930-6DFB-4BD0-A15E-CAF3AF4AF992}.Release|x64.ActiveCfg = Release|Any CPU
		{BD08A930-6DFB-4BD0-A15E-CAF3AF4AF992}.Release|x64.Build.0 = Release|Any CPU
		{BD08A930-6DFB-4BD0-A15E-CAF3AF4AF992}.Release|x86.ActiveCfg = Release|Any CPU
		{BD08A930-6DFB-4BD0-A15E-CAF3AF4AF992}.Release|x86.Build.0 = Release|Any CPU
		{D2C27876-FD0E-4256-B42D-BE528439B4D7}.Debug|Any CPU.ActiveCfg = Debug|Any CPU
		{D2C27876-FD0E-4256-B42D-BE528439B4D7}.Debug|Any CPU.Build.0 = Debug|Any CPU
		{D2C27876-FD0E-4256-B42D-BE528439B4D7}.Debug|x64.ActiveCfg = Debug|Any CPU
		{D2C27876-FD0E-4256-B42D-BE528439B4D7}.Debug|x64.Build.0 = Debug|Any CPU
		{D2C27876-FD0E-4256-B42D-BE528439B4D7}.Debug|x86.ActiveCfg = Debug|Any CPU
		{D2C27876-FD0E-4256-B42D-BE528439B4D7}.Debug|x86.Build.0 = Debug|Any CPU
		{D2C27876-FD0E-4256-B42D-BE528439B4D7}.Release|Any CPU.ActiveCfg = Release|Any CPU
		{D2C27876-FD0E-4256-B42D-BE528439B4D7}.Release|Any CPU.Build.0 = Release|Any CPU
		{D2C27876-FD0E-4256-B42D-BE528439B4D7}.Release|x64.ActiveCfg = Release|Any CPU
		{D2C27876-FD0E-4256-B42D-BE528439B4D7}.Release|x64.Build.0 = Release|Any CPU
		{D2C27876-FD0E-4256-B42D-BE528439B4D7}.Release|x86.ActiveCfg = Release|Any CPU
		{D2C27876-FD0E-4256-B42D-BE528439B4D7}.Release|x86.Build.0 = Release|Any CPU
		{26427F49-200E-4BEB-A64F-9F2BAA203F95}.Debug|Any CPU.ActiveCfg = Debug|Any CPU
		{26427F49-200E-4BEB-A64F-9F2BAA203F95}.Debug|Any CPU.Build.0 = Debug|Any CPU
		{26427F49-200E-4BEB-A64F-9F2BAA203F95}.Debug|x64.ActiveCfg = Debug|Any CPU
		{26427F49-200E-4BEB-A64F-9F2BAA203F95}.Debug|x64.Build.0 = Debug|Any CPU
		{26427F49-200E-4BEB-A64F-9F2BAA203F95}.Debug|x86.ActiveCfg = Debug|Any CPU
		{26427F49-200E-4BEB-A64F-9F2BAA203F95}.Debug|x86.Build.0 = Debug|Any CPU
		{26427F49-200E-4BEB-A64F-9F2BAA203F95}.Release|Any CPU.ActiveCfg = Release|Any CPU
		{26427F49-200E-4BEB-A64F-9F2BAA203F95}.Release|Any CPU.Build.0 = Release|Any CPU
		{26427F49-200E-4BEB-A64F-9F2BAA203F95}.Release|x64.ActiveCfg = Release|Any CPU
		{26427F49-200E-4BEB-A64F-9F2BAA203F95}.Release|x64.Build.0 = Release|Any CPU
		{26427F49-200E-4BEB-A64F-9F2BAA203F95}.Release|x86.ActiveCfg = Release|Any CPU
		{26427F49-200E-4BEB-A64F-9F2BAA203F95}.Release|x86.Build.0 = Release|Any CPU
		{FD694D45-6631-4287-98E6-668E526D76CB}.Debug|Any CPU.ActiveCfg = Debug|Any CPU
		{FD694D45-6631-4287-98E6-668E526D76CB}.Debug|Any CPU.Build.0 = Debug|Any CPU
		{FD694D45-6631-4287-98E6-668E526D76CB}.Debug|x64.ActiveCfg = Debug|Any CPU
		{FD694D45-6631-4287-98E6-668E526D76CB}.Debug|x86.ActiveCfg = Debug|Any CPU
		{FD694D45-6631-4287-98E6-668E526D76CB}.Release|Any CPU.ActiveCfg = Release|Any CPU
		{FD694D45-6631-4287-98E6-668E526D76CB}.Release|Any CPU.Build.0 = Release|Any CPU
		{FD694D45-6631-4287-98E6-668E526D76CB}.Release|x64.ActiveCfg = Release|Any CPU
		{FD694D45-6631-4287-98E6-668E526D76CB}.Release|x86.ActiveCfg = Release|Any CPU
		{C63CC36B-08DD-497D-B5CF-EA33FC972A1C}.Debug|Any CPU.ActiveCfg = Debug|Any CPU
		{C63CC36B-08DD-497D-B5CF-EA33FC972A1C}.Debug|Any CPU.Build.0 = Debug|Any CPU
		{C63CC36B-08DD-497D-B5CF-EA33FC972A1C}.Debug|x64.ActiveCfg = Debug|Any CPU
		{C63CC36B-08DD-497D-B5CF-EA33FC972A1C}.Debug|x64.Build.0 = Debug|Any CPU
		{C63CC36B-08DD-497D-B5CF-EA33FC972A1C}.Debug|x86.ActiveCfg = Debug|Any CPU
		{C63CC36B-08DD-497D-B5CF-EA33FC972A1C}.Debug|x86.Build.0 = Debug|Any CPU
		{C63CC36B-08DD-497D-B5CF-EA33FC972A1C}.Release|Any CPU.ActiveCfg = Release|Any CPU
		{C63CC36B-08DD-497D-B5CF-EA33FC972A1C}.Release|Any CPU.Build.0 = Release|Any CPU
		{C63CC36B-08DD-497D-B5CF-EA33FC972A1C}.Release|x64.ActiveCfg = Release|Any CPU
		{C63CC36B-08DD-497D-B5CF-EA33FC972A1C}.Release|x64.Build.0 = Release|Any CPU
		{C63CC36B-08DD-497D-B5CF-EA33FC972A1C}.Release|x86.ActiveCfg = Release|Any CPU
		{C63CC36B-08DD-497D-B5CF-EA33FC972A1C}.Release|x86.Build.0 = Release|Any CPU
		{53C78B9F-BFC2-4CD7-9CBF-2F83962578B4}.Debug|Any CPU.ActiveCfg = Debug|Any CPU
		{53C78B9F-BFC2-4CD7-9CBF-2F83962578B4}.Debug|Any CPU.Build.0 = Debug|Any CPU
		{53C78B9F-BFC2-4CD7-9CBF-2F83962578B4}.Debug|x64.ActiveCfg = Debug|Any CPU
		{53C78B9F-BFC2-4CD7-9CBF-2F83962578B4}.Debug|x64.Build.0 = Debug|Any CPU
		{53C78B9F-BFC2-4CD7-9CBF-2F83962578B4}.Debug|x86.ActiveCfg = Debug|Any CPU
		{53C78B9F-BFC2-4CD7-9CBF-2F83962578B4}.Debug|x86.Build.0 = Debug|Any CPU
		{53C78B9F-BFC2-4CD7-9CBF-2F83962578B4}.Release|Any CPU.ActiveCfg = Release|Any CPU
		{53C78B9F-BFC2-4CD7-9CBF-2F83962578B4}.Release|Any CPU.Build.0 = Release|Any CPU
		{53C78B9F-BFC2-4CD7-9CBF-2F83962578B4}.Release|x64.ActiveCfg = Release|Any CPU
		{53C78B9F-BFC2-4CD7-9CBF-2F83962578B4}.Release|x64.Build.0 = Release|Any CPU
		{53C78B9F-BFC2-4CD7-9CBF-2F83962578B4}.Release|x86.ActiveCfg = Release|Any CPU
		{53C78B9F-BFC2-4CD7-9CBF-2F83962578B4}.Release|x86.Build.0 = Release|Any CPU
		{47D7550E-214B-47B6-9525-E8AAFE37CB67}.Debug|Any CPU.ActiveCfg = Debug|Any CPU
		{47D7550E-214B-47B6-9525-E8AAFE37CB67}.Debug|Any CPU.Build.0 = Debug|Any CPU
		{47D7550E-214B-47B6-9525-E8AAFE37CB67}.Debug|x64.ActiveCfg = Debug|Any CPU
		{47D7550E-214B-47B6-9525-E8AAFE37CB67}.Debug|x64.Build.0 = Debug|Any CPU
		{47D7550E-214B-47B6-9525-E8AAFE37CB67}.Debug|x86.ActiveCfg = Debug|Any CPU
		{47D7550E-214B-47B6-9525-E8AAFE37CB67}.Debug|x86.Build.0 = Debug|Any CPU
		{47D7550E-214B-47B6-9525-E8AAFE37CB67}.Release|Any CPU.ActiveCfg = Release|Any CPU
		{47D7550E-214B-47B6-9525-E8AAFE37CB67}.Release|Any CPU.Build.0 = Release|Any CPU
		{47D7550E-214B-47B6-9525-E8AAFE37CB67}.Release|x64.ActiveCfg = Release|Any CPU
		{47D7550E-214B-47B6-9525-E8AAFE37CB67}.Release|x64.Build.0 = Release|Any CPU
		{47D7550E-214B-47B6-9525-E8AAFE37CB67}.Release|x86.ActiveCfg = Release|Any CPU
		{47D7550E-214B-47B6-9525-E8AAFE37CB67}.Release|x86.Build.0 = Release|Any CPU
		{875AFC52-2581-435E-B5D0-EA7B1485EE92}.Debug|Any CPU.ActiveCfg = Debug|Any CPU
		{875AFC52-2581-435E-B5D0-EA7B1485EE92}.Debug|Any CPU.Build.0 = Debug|Any CPU
		{875AFC52-2581-435E-B5D0-EA7B1485EE92}.Debug|x64.ActiveCfg = Debug|Any CPU
		{875AFC52-2581-435E-B5D0-EA7B1485EE92}.Debug|x64.Build.0 = Debug|Any CPU
		{875AFC52-2581-435E-B5D0-EA7B1485EE92}.Debug|x86.ActiveCfg = Debug|Any CPU
		{875AFC52-2581-435E-B5D0-EA7B1485EE92}.Debug|x86.Build.0 = Debug|Any CPU
		{875AFC52-2581-435E-B5D0-EA7B1485EE92}.Release|Any CPU.ActiveCfg = Release|Any CPU
		{875AFC52-2581-435E-B5D0-EA7B1485EE92}.Release|Any CPU.Build.0 = Release|Any CPU
		{875AFC52-2581-435E-B5D0-EA7B1485EE92}.Release|x64.ActiveCfg = Release|Any CPU
		{875AFC52-2581-435E-B5D0-EA7B1485EE92}.Release|x64.Build.0 = Release|Any CPU
		{875AFC52-2581-435E-B5D0-EA7B1485EE92}.Release|x86.ActiveCfg = Release|Any CPU
		{875AFC52-2581-435E-B5D0-EA7B1485EE92}.Release|x86.Build.0 = Release|Any CPU
		{960599C4-43A0-4BA0-9494-101E6B2A0FE5}.Debug|Any CPU.ActiveCfg = Debug|Any CPU
		{960599C4-43A0-4BA0-9494-101E6B2A0FE5}.Debug|Any CPU.Build.0 = Debug|Any CPU
		{960599C4-43A0-4BA0-9494-101E6B2A0FE5}.Debug|x64.ActiveCfg = Debug|Any CPU
		{960599C4-43A0-4BA0-9494-101E6B2A0FE5}.Debug|x64.Build.0 = Debug|Any CPU
		{960599C4-43A0-4BA0-9494-101E6B2A0FE5}.Debug|x86.ActiveCfg = Debug|Any CPU
		{960599C4-43A0-4BA0-9494-101E6B2A0FE5}.Debug|x86.Build.0 = Debug|Any CPU
		{960599C4-43A0-4BA0-9494-101E6B2A0FE5}.Release|Any CPU.ActiveCfg = Release|Any CPU
		{960599C4-43A0-4BA0-9494-101E6B2A0FE5}.Release|Any CPU.Build.0 = Release|Any CPU
		{960599C4-43A0-4BA0-9494-101E6B2A0FE5}.Release|x64.ActiveCfg = Release|Any CPU
		{960599C4-43A0-4BA0-9494-101E6B2A0FE5}.Release|x64.Build.0 = Release|Any CPU
		{960599C4-43A0-4BA0-9494-101E6B2A0FE5}.Release|x86.ActiveCfg = Release|Any CPU
		{960599C4-43A0-4BA0-9494-101E6B2A0FE5}.Release|x86.Build.0 = Release|Any CPU
		{8AA149EC-8D87-4E12-8D0F-0E5A2B6D6182}.Debug|Any CPU.ActiveCfg = Debug|Any CPU
		{8AA149EC-8D87-4E12-8D0F-0E5A2B6D6182}.Debug|Any CPU.Build.0 = Debug|Any CPU
		{8AA149EC-8D87-4E12-8D0F-0E5A2B6D6182}.Debug|x64.ActiveCfg = Debug|Any CPU
		{8AA149EC-8D87-4E12-8D0F-0E5A2B6D6182}.Debug|x64.Build.0 = Debug|Any CPU
		{8AA149EC-8D87-4E12-8D0F-0E5A2B6D6182}.Debug|x86.ActiveCfg = Debug|Any CPU
		{8AA149EC-8D87-4E12-8D0F-0E5A2B6D6182}.Debug|x86.Build.0 = Debug|Any CPU
		{8AA149EC-8D87-4E12-8D0F-0E5A2B6D6182}.Release|Any CPU.ActiveCfg = Release|Any CPU
		{8AA149EC-8D87-4E12-8D0F-0E5A2B6D6182}.Release|Any CPU.Build.0 = Release|Any CPU
		{8AA149EC-8D87-4E12-8D0F-0E5A2B6D6182}.Release|x64.ActiveCfg = Release|Any CPU
		{8AA149EC-8D87-4E12-8D0F-0E5A2B6D6182}.Release|x64.Build.0 = Release|Any CPU
		{8AA149EC-8D87-4E12-8D0F-0E5A2B6D6182}.Release|x86.ActiveCfg = Release|Any CPU
		{8AA149EC-8D87-4E12-8D0F-0E5A2B6D6182}.Release|x86.Build.0 = Release|Any CPU
		{3E194F33-C4C3-4845-842F-F12689861D40}.Debug|Any CPU.ActiveCfg = Debug|Any CPU
		{3E194F33-C4C3-4845-842F-F12689861D40}.Debug|Any CPU.Build.0 = Debug|Any CPU
		{3E194F33-C4C3-4845-842F-F12689861D40}.Debug|x64.ActiveCfg = Debug|Any CPU
		{3E194F33-C4C3-4845-842F-F12689861D40}.Debug|x64.Build.0 = Debug|Any CPU
		{3E194F33-C4C3-4845-842F-F12689861D40}.Debug|x86.ActiveCfg = Debug|Any CPU
		{3E194F33-C4C3-4845-842F-F12689861D40}.Debug|x86.Build.0 = Debug|Any CPU
		{3E194F33-C4C3-4845-842F-F12689861D40}.Release|Any CPU.ActiveCfg = Release|Any CPU
		{3E194F33-C4C3-4845-842F-F12689861D40}.Release|Any CPU.Build.0 = Release|Any CPU
		{3E194F33-C4C3-4845-842F-F12689861D40}.Release|x64.ActiveCfg = Release|Any CPU
		{3E194F33-C4C3-4845-842F-F12689861D40}.Release|x64.Build.0 = Release|Any CPU
		{3E194F33-C4C3-4845-842F-F12689861D40}.Release|x86.ActiveCfg = Release|Any CPU
		{3E194F33-C4C3-4845-842F-F12689861D40}.Release|x86.Build.0 = Release|Any CPU
		{F4582DD5-99A5-4703-9EE5-4AE1B70AA475}.Debug|Any CPU.ActiveCfg = Debug|Any CPU
		{F4582DD5-99A5-4703-9EE5-4AE1B70AA475}.Debug|Any CPU.Build.0 = Debug|Any CPU
		{F4582DD5-99A5-4703-9EE5-4AE1B70AA475}.Debug|x64.ActiveCfg = Debug|Any CPU
		{F4582DD5-99A5-4703-9EE5-4AE1B70AA475}.Debug|x64.Build.0 = Debug|Any CPU
		{F4582DD5-99A5-4703-9EE5-4AE1B70AA475}.Debug|x86.ActiveCfg = Debug|Any CPU
		{F4582DD5-99A5-4703-9EE5-4AE1B70AA475}.Debug|x86.Build.0 = Debug|Any CPU
		{F4582DD5-99A5-4703-9EE5-4AE1B70AA475}.Release|Any CPU.ActiveCfg = Release|Any CPU
		{F4582DD5-99A5-4703-9EE5-4AE1B70AA475}.Release|Any CPU.Build.0 = Release|Any CPU
		{F4582DD5-99A5-4703-9EE5-4AE1B70AA475}.Release|x64.ActiveCfg = Release|Any CPU
		{F4582DD5-99A5-4703-9EE5-4AE1B70AA475}.Release|x64.Build.0 = Release|Any CPU
		{F4582DD5-99A5-4703-9EE5-4AE1B70AA475}.Release|x86.ActiveCfg = Release|Any CPU
		{F4582DD5-99A5-4703-9EE5-4AE1B70AA475}.Release|x86.Build.0 = Release|Any CPU
		{DCD40837-4D07-4D51-9EF0-5CB1805091D9}.Debug|Any CPU.ActiveCfg = Debug|Any CPU
		{DCD40837-4D07-4D51-9EF0-5CB1805091D9}.Debug|Any CPU.Build.0 = Debug|Any CPU
		{DCD40837-4D07-4D51-9EF0-5CB1805091D9}.Debug|x64.ActiveCfg = Debug|Any CPU
		{DCD40837-4D07-4D51-9EF0-5CB1805091D9}.Debug|x64.Build.0 = Debug|Any CPU
		{DCD40837-4D07-4D51-9EF0-5CB1805091D9}.Debug|x86.ActiveCfg = Debug|Any CPU
		{DCD40837-4D07-4D51-9EF0-5CB1805091D9}.Debug|x86.Build.0 = Debug|Any CPU
		{DCD40837-4D07-4D51-9EF0-5CB1805091D9}.Release|Any CPU.ActiveCfg = Release|Any CPU
		{DCD40837-4D07-4D51-9EF0-5CB1805091D9}.Release|Any CPU.Build.0 = Release|Any CPU
		{DCD40837-4D07-4D51-9EF0-5CB1805091D9}.Release|x64.ActiveCfg = Release|Any CPU
		{DCD40837-4D07-4D51-9EF0-5CB1805091D9}.Release|x64.Build.0 = Release|Any CPU
		{DCD40837-4D07-4D51-9EF0-5CB1805091D9}.Release|x86.ActiveCfg = Release|Any CPU
		{DCD40837-4D07-4D51-9EF0-5CB1805091D9}.Release|x86.Build.0 = Release|Any CPU
		{585871FE-794F-4C26-A4E5-E4F4B42D4CCA}.Debug|Any CPU.ActiveCfg = Debug|Any CPU
		{585871FE-794F-4C26-A4E5-E4F4B42D4CCA}.Debug|Any CPU.Build.0 = Debug|Any CPU
		{585871FE-794F-4C26-A4E5-E4F4B42D4CCA}.Debug|x64.ActiveCfg = Debug|Any CPU
		{585871FE-794F-4C26-A4E5-E4F4B42D4CCA}.Debug|x64.Build.0 = Debug|Any CPU
		{585871FE-794F-4C26-A4E5-E4F4B42D4CCA}.Debug|x86.ActiveCfg = Debug|Any CPU
		{585871FE-794F-4C26-A4E5-E4F4B42D4CCA}.Debug|x86.Build.0 = Debug|Any CPU
		{585871FE-794F-4C26-A4E5-E4F4B42D4CCA}.Release|Any CPU.ActiveCfg = Release|Any CPU
		{585871FE-794F-4C26-A4E5-E4F4B42D4CCA}.Release|Any CPU.Build.0 = Release|Any CPU
		{585871FE-794F-4C26-A4E5-E4F4B42D4CCA}.Release|x64.ActiveCfg = Release|Any CPU
		{585871FE-794F-4C26-A4E5-E4F4B42D4CCA}.Release|x64.Build.0 = Release|Any CPU
		{585871FE-794F-4C26-A4E5-E4F4B42D4CCA}.Release|x86.ActiveCfg = Release|Any CPU
		{585871FE-794F-4C26-A4E5-E4F4B42D4CCA}.Release|x86.Build.0 = Release|Any CPU
		{F0E5815C-EECA-4317-852D-EE62545D7B7C}.Debug|Any CPU.ActiveCfg = Debug|Any CPU
		{F0E5815C-EECA-4317-852D-EE62545D7B7C}.Debug|Any CPU.Build.0 = Debug|Any CPU
		{F0E5815C-EECA-4317-852D-EE62545D7B7C}.Debug|x64.ActiveCfg = Debug|Any CPU
		{F0E5815C-EECA-4317-852D-EE62545D7B7C}.Debug|x64.Build.0 = Debug|Any CPU
		{F0E5815C-EECA-4317-852D-EE62545D7B7C}.Debug|x86.ActiveCfg = Debug|Any CPU
		{F0E5815C-EECA-4317-852D-EE62545D7B7C}.Debug|x86.Build.0 = Debug|Any CPU
		{F0E5815C-EECA-4317-852D-EE62545D7B7C}.Release|Any CPU.ActiveCfg = Release|Any CPU
		{F0E5815C-EECA-4317-852D-EE62545D7B7C}.Release|Any CPU.Build.0 = Release|Any CPU
		{F0E5815C-EECA-4317-852D-EE62545D7B7C}.Release|x64.ActiveCfg = Release|Any CPU
		{F0E5815C-EECA-4317-852D-EE62545D7B7C}.Release|x64.Build.0 = Release|Any CPU
		{F0E5815C-EECA-4317-852D-EE62545D7B7C}.Release|x86.ActiveCfg = Release|Any CPU
		{F0E5815C-EECA-4317-852D-EE62545D7B7C}.Release|x86.Build.0 = Release|Any CPU
		{07094897-3AAF-493C-8180-D76E1BB280A0}.Debug|Any CPU.ActiveCfg = Debug|Any CPU
		{07094897-3AAF-493C-8180-D76E1BB280A0}.Debug|Any CPU.Build.0 = Debug|Any CPU
		{07094897-3AAF-493C-8180-D76E1BB280A0}.Debug|x64.ActiveCfg = Debug|Any CPU
		{07094897-3AAF-493C-8180-D76E1BB280A0}.Debug|x64.Build.0 = Debug|Any CPU
		{07094897-3AAF-493C-8180-D76E1BB280A0}.Debug|x86.ActiveCfg = Debug|Any CPU
		{07094897-3AAF-493C-8180-D76E1BB280A0}.Debug|x86.Build.0 = Debug|Any CPU
		{07094897-3AAF-493C-8180-D76E1BB280A0}.Release|Any CPU.ActiveCfg = Release|Any CPU
		{07094897-3AAF-493C-8180-D76E1BB280A0}.Release|Any CPU.Build.0 = Release|Any CPU
		{07094897-3AAF-493C-8180-D76E1BB280A0}.Release|x64.ActiveCfg = Release|Any CPU
		{07094897-3AAF-493C-8180-D76E1BB280A0}.Release|x64.Build.0 = Release|Any CPU
		{07094897-3AAF-493C-8180-D76E1BB280A0}.Release|x86.ActiveCfg = Release|Any CPU
		{07094897-3AAF-493C-8180-D76E1BB280A0}.Release|x86.Build.0 = Release|Any CPU
	EndGlobalSection
	GlobalSection(SolutionProperties) = preSolution
		HideSolutionNode = FALSE
	EndGlobalSection
	GlobalSection(NestedProjects) = preSolution
		{47D7550E-214B-47B6-9525-E8AAFE37CB67} = {B5D993FD-7521-421A-98A8-E968A0397033}
		{875AFC52-2581-435E-B5D0-EA7B1485EE92} = {B5D993FD-7521-421A-98A8-E968A0397033}
		{8AA149EC-8D87-4E12-8D0F-0E5A2B6D6182} = {B5D993FD-7521-421A-98A8-E968A0397033}
		{F4582DD5-99A5-4703-9EE5-4AE1B70AA475} = {B5D993FD-7521-421A-98A8-E968A0397033}
		{585871FE-794F-4C26-A4E5-E4F4B42D4CCA} = {B5D993FD-7521-421A-98A8-E968A0397033}
		{07094897-3AAF-493C-8180-D76E1BB280A0} = {B5D993FD-7521-421A-98A8-E968A0397033}
	EndGlobalSection
	GlobalSection(ExtensibilityGlobals) = postSolution
		SolutionGuid = {9EBD83F9-AEDD-4FC4-A889-2F7326A4C76A}
	EndGlobalSection
EndGlobal
